
Microsoft Visual Studio Solution File, Format Version 12.00
# Visual Studio Version 16
VisualStudioVersion = 16.0.30128.74
MinimumVisualStudioVersion = 10.0.40219.1
Project("{FAE04EC0-301F-11D3-BF4B-00C04F79EFBC}") = "Lab4", "Lab4\Lab4.csproj", "{FA7F0C19-DCD7-49DF-855E-113EF0C8ED60}"
EndProject
Project("{FAE04EC0-301F-11D3-BF4B-00C04F79EFBC}") = "Hippodrome", "Hippodrome\Hippodrome.csproj", "{AB0882DC-61F1-47D2-A2C9-EEC510C140C7}"
EndProject
Global
	GlobalSection(SolutionConfigurationPlatforms) = preSolution
		Debug|Any CPU = Debug|Any CPU
		Release|Any CPU = Release|Any CPU
	EndGlobalSection
	GlobalSection(ProjectConfigurationPlatforms) = postSolution
		{FA7F0C19-DCD7-49DF-855E-113EF0C8ED60}.Debug|Any CPU.ActiveCfg = Debug|Any CPU
		{FA7F0C19-DCD7-49DF-855E-113EF0C8ED60}.Debug|Any CPU.Build.0 = Debug|Any CPU
		{FA7F0C19-DCD7-49DF-855E-113EF0C8ED60}.Release|Any CPU.ActiveCfg = Release|Any CPU
		{FA7F0C19-DCD7-49DF-855E-113EF0C8ED60}.Release|Any CPU.Build.0 = Release|Any CPU
		{AB0882DC-61F1-47D2-A2C9-EEC510C140C7}.Debug|Any CPU.ActiveCfg = Debug|Any CPU
		{AB0882DC-61F1-47D2-A2C9-EEC510C140C7}.Debug|Any CPU.Build.0 = Debug|Any CPU
		{AB0882DC-61F1-47D2-A2C9-EEC510C140C7}.Release|Any CPU.ActiveCfg = Release|Any CPU
		{AB0882DC-61F1-47D2-A2C9-EEC510C140C7}.Release|Any CPU.Build.0 = Release|Any CPU
	EndGlobalSection
	GlobalSection(SolutionProperties) = preSolution
		HideSolutionNode = FALSE
	EndGlobalSection
	GlobalSection(ExtensibilityGlobals) = postSolution
		SolutionGuid = {27430CCB-66C2-426C-A610-17934F0D4C5C}
	EndGlobalSection
EndGlobal
