
Microsoft Visual Studio Solution File, Format Version 12.00
# Visual Studio Version 16
VisualStudioVersion = 16.0.30128.74
MinimumVisualStudioVersion = 10.0.40219.1
Project("{FAE04EC0-301F-11D3-BF4B-00C04F79EFBC}") = "Calc", "Calc\Calc.csproj", "{3FBD4F93-F338-4D84-9E7C-E42CCBD7F17C}"
EndProject
Project("{FAE04EC0-301F-11D3-BF4B-00C04F79EFBC}") = "CheckBox", "CheckBox\CheckBox.csproj", "{53F43188-C43E-426B-86B5-E515EE9C9C91}"
EndProject
Project("{FAE04EC0-301F-11D3-BF4B-00C04F79EFBC}") = "Lab2", "Lab2\Lab2.csproj", "{928D0470-827C-4313-87FA-249B15437466}"
EndProject
Global
	GlobalSection(SolutionConfigurationPlatforms) = preSolution
		Debug|Any CPU = Debug|Any CPU
		Release|Any CPU = Release|Any CPU
	EndGlobalSection
	GlobalSection(ProjectConfigurationPlatforms) = postSolution
		{3FBD4F93-F338-4D84-9E7C-E42CCBD7F17C}.Debug|Any CPU.ActiveCfg = Debug|Any CPU
		{3FBD4F93-F338-4D84-9E7C-E42CCBD7F17C}.Debug|Any CPU.Build.0 = Debug|Any CPU
		{3FBD4F93-F338-4D84-9E7C-E42CCBD7F17C}.Release|Any CPU.ActiveCfg = Release|Any CPU
		{3FBD4F93-F338-4D84-9E7C-E42CCBD7F17C}.Release|Any CPU.Build.0 = Release|Any CPU
		{53F43188-C43E-426B-86B5-E515EE9C9C91}.Debug|Any CPU.ActiveCfg = Debug|Any CPU
		{53F43188-C43E-426B-86B5-E515EE9C9C91}.Debug|Any CPU.Build.0 = Debug|Any CPU
		{53F43188-C43E-426B-86B5-E515EE9C9C91}.Release|Any CPU.ActiveCfg = Release|Any CPU
		{53F43188-C43E-426B-86B5-E515EE9C9C91}.Release|Any CPU.Build.0 = Release|Any CPU
		{928D0470-827C-4313-87FA-249B15437466}.Debug|Any CPU.ActiveCfg = Debug|Any CPU
		{928D0470-827C-4313-87FA-249B15437466}.Debug|Any CPU.Build.0 = Debug|Any CPU
		{928D0470-827C-4313-87FA-249B15437466}.Release|Any CPU.ActiveCfg = Release|Any CPU
		{928D0470-827C-4313-87FA-249B15437466}.Release|Any CPU.Build.0 = Release|Any CPU
	EndGlobalSection
	GlobalSection(SolutionProperties) = preSolution
		HideSolutionNode = FALSE
	EndGlobalSection
	GlobalSection(ExtensibilityGlobals) = postSolution
		SolutionGuid = {CC67997A-4AFD-404B-8FA6-007828E879E9}
	EndGlobalSection
EndGlobal
