
Microsoft Visual Studio Solution File, Format Version 12.00
# Visual Studio Version 16
VisualStudioVersion = 16.0.30128.74
MinimumVisualStudioVersion = 10.0.40219.1
Project("{FAE04EC0-301F-11D3-BF4B-00C04F79EFBC}") = "Lab3-1", "Lab3-1\Lab3-1.csproj", "{631BCC8D-9F68-4BFE-99DB-D62E2D2E9428}"
EndProject
Project("{FAE04EC0-301F-11D3-BF4B-00C04F79EFBC}") = "Lab3-1-1", "Lab3-1-1\Lab3-1-1.csproj", "{B2432361-C43E-477E-A692-103098261607}"
EndProject
Project("{FAE04EC0-301F-11D3-BF4B-00C04F79EFBC}") = "3-2", "3-2\3-2.csproj", "{659C3D33-1520-4C5C-9323-6BD643D4D86F}"
EndProject
Global
	GlobalSection(SolutionConfigurationPlatforms) = preSolution
		Debug|Any CPU = Debug|Any CPU
		Release|Any CPU = Release|Any CPU
	EndGlobalSection
	GlobalSection(ProjectConfigurationPlatforms) = postSolution
		{631BCC8D-9F68-4BFE-99DB-D62E2D2E9428}.Debug|Any CPU.ActiveCfg = Debug|Any CPU
		{631BCC8D-9F68-4BFE-99DB-D62E2D2E9428}.Debug|Any CPU.Build.0 = Debug|Any CPU
		{631BCC8D-9F68-4BFE-99DB-D62E2D2E9428}.Release|Any CPU.ActiveCfg = Release|Any CPU
		{631BCC8D-9F68-4BFE-99DB-D62E2D2E9428}.Release|Any CPU.Build.0 = Release|Any CPU
		{B2432361-C43E-477E-A692-103098261607}.Debug|Any CPU.ActiveCfg = Debug|Any CPU
		{B2432361-C43E-477E-A692-103098261607}.Debug|Any CPU.Build.0 = Debug|Any CPU
		{B2432361-C43E-477E-A692-103098261607}.Release|Any CPU.ActiveCfg = Release|Any CPU
		{B2432361-C43E-477E-A692-103098261607}.Release|Any CPU.Build.0 = Release|Any CPU
		{659C3D33-1520-4C5C-9323-6BD643D4D86F}.Debug|Any CPU.ActiveCfg = Debug|Any CPU
		{659C3D33-1520-4C5C-9323-6BD643D4D86F}.Debug|Any CPU.Build.0 = Debug|Any CPU
		{659C3D33-1520-4C5C-9323-6BD643D4D86F}.Release|Any CPU.ActiveCfg = Release|Any CPU
		{659C3D33-1520-4C5C-9323-6BD643D4D86F}.Release|Any CPU.Build.0 = Release|Any CPU
	EndGlobalSection
	GlobalSection(SolutionProperties) = preSolution
		HideSolutionNode = FALSE
	EndGlobalSection
	GlobalSection(ExtensibilityGlobals) = postSolution
		SolutionGuid = {998EE5EC-735F-4BCA-B61A-29BC62469636}
	EndGlobalSection
EndGlobal
